
Microsoft Visual Studio Solution File, Format Version 12.00
# Visual Studio Version 16
VisualStudioVersion = 16.0.31624.102
MinimumVisualStudioVersion = 10.0.40219.1
Project("{FAE04EC0-301F-11D3-BF4B-00C04F79EFBC}") = "lab_3_3", "lab_3_3\lab_3_3.csproj", "{2462182A-7C2E-401F-89E0-68B78EE8D52E}"
EndProject
Global
	GlobalSection(SolutionConfigurationPlatforms) = preSolution
		Debug|Any CPU = Debug|Any CPU
		Release|Any CPU = Release|Any CPU
	EndGlobalSection
	GlobalSection(ProjectConfigurationPlatforms) = postSolution
		{2462182A-7C2E-401F-89E0-68B78EE8D52E}.Debug|Any CPU.ActiveCfg = Debug|Any CPU
		{2462182A-7C2E-401F-89E0-68B78EE8D52E}.Debug|Any CPU.Build.0 = Debug|Any CPU
		{2462182A-7C2E-401F-89E0-68B78EE8D52E}.Release|Any CPU.ActiveCfg = Release|Any CPU
		{2462182A-7C2E-401F-89E0-68B78EE8D52E}.Release|Any CPU.Build.0 = Release|Any CPU
	EndGlobalSection
	GlobalSection(SolutionProperties) = preSolution
		HideSolutionNode = FALSE
	EndGlobalSection
	GlobalSection(ExtensibilityGlobals) = postSolution
		SolutionGuid = {345CE9A7-5DE1-4D15-91ED-DC26BA720647}
	EndGlobalSection
EndGlobal
